
Microsoft Visual Studio Solution File, Format Version 12.00
# Visual Studio Version 16
VisualStudioVersion = 16.0.31402.337
MinimumVisualStudioVersion = 10.0.40219.1
Project("{9A19103F-16F7-4668-BE54-9A1E7A4F7556}") = "Lessons", "Lessons\Lessons.csproj", "{CBD9A3D7-13BD-42B3-AEF0-D55902F6663B}"
EndProject
Project("{9A19103F-16F7-4668-BE54-9A1E7A4F7556}") = "inkrementDecrement", "inkrementDecrement\inkrementDecrement.csproj", "{0212E451-A4FE-456B-B118-9CF1C9750125}"
EndProject
Project("{FAE04EC0-301F-11D3-BF4B-00C04F79EFBC}") = "comparisonOperation", "comparisonOperation\comparisonOperation.csproj", "{68DAAF1F-CD8A-4A2D-A94B-9E69377E7022}"
EndProject
Project("{FAE04EC0-301F-11D3-BF4B-00C04F79EFBC}") = "ifElse", "ifElse\ifElse.csproj", "{5879633D-1162-4715-887D-6B0E9BC97185}"
EndProject
Project("{FAE04EC0-301F-11D3-BF4B-00C04F79EFBC}") = "ifElseEvenNumber", "ifElseEvenNumber\ifElseEvenNumber.csproj", "{661B6996-4E46-4752-B446-D331DE2A1C6B}"
EndProject
Project("{FAE04EC0-301F-11D3-BF4B-00C04F79EFBC}") = "logicalOperators", "logicalOperators\logicalOperators.csproj", "{ED80895A-DC7A-4377-934B-462B748E4990}"
EndProject
Project("{FAE04EC0-301F-11D3-BF4B-00C04F79EFBC}") = "switch", "switch\switch.csproj", "{50464BB0-E4A9-48A3-8C87-6959C603BAEB}"
EndProject
Project("{FAE04EC0-301F-11D3-BF4B-00C04F79EFBC}") = "calculatorIfElse", "calculatorIfElse\calculatorIfElse.csproj", "{4094C388-780F-49F3-9FC6-61C228A91710}"
EndProject
Global
	GlobalSection(SolutionConfigurationPlatforms) = preSolution
		Debug|Any CPU = Debug|Any CPU
		Release|Any CPU = Release|Any CPU
	EndGlobalSection
	GlobalSection(ProjectConfigurationPlatforms) = postSolution
		{CBD9A3D7-13BD-42B3-AEF0-D55902F6663B}.Debug|Any CPU.ActiveCfg = Debug|Any CPU
		{CBD9A3D7-13BD-42B3-AEF0-D55902F6663B}.Debug|Any CPU.Build.0 = Debug|Any CPU
		{CBD9A3D7-13BD-42B3-AEF0-D55902F6663B}.Release|Any CPU.ActiveCfg = Release|Any CPU
		{CBD9A3D7-13BD-42B3-AEF0-D55902F6663B}.Release|Any CPU.Build.0 = Release|Any CPU
		{0212E451-A4FE-456B-B118-9CF1C9750125}.Debug|Any CPU.ActiveCfg = Debug|Any CPU
		{0212E451-A4FE-456B-B118-9CF1C9750125}.Debug|Any CPU.Build.0 = Debug|Any CPU
		{0212E451-A4FE-456B-B118-9CF1C9750125}.Release|Any CPU.ActiveCfg = Release|Any CPU
		{0212E451-A4FE-456B-B118-9CF1C9750125}.Release|Any CPU.Build.0 = Release|Any CPU
		{68DAAF1F-CD8A-4A2D-A94B-9E69377E7022}.Debug|Any CPU.ActiveCfg = Debug|Any CPU
		{68DAAF1F-CD8A-4A2D-A94B-9E69377E7022}.Debug|Any CPU.Build.0 = Debug|Any CPU
		{68DAAF1F-CD8A-4A2D-A94B-9E69377E7022}.Release|Any CPU.ActiveCfg = Release|Any CPU
		{68DAAF1F-CD8A-4A2D-A94B-9E69377E7022}.Release|Any CPU.Build.0 = Release|Any CPU
		{5879633D-1162-4715-887D-6B0E9BC97185}.Debug|Any CPU.ActiveCfg = Debug|Any CPU
		{5879633D-1162-4715-887D-6B0E9BC97185}.Debug|Any CPU.Build.0 = Debug|Any CPU
		{5879633D-1162-4715-887D-6B0E9BC97185}.Release|Any CPU.ActiveCfg = Release|Any CPU
		{5879633D-1162-4715-887D-6B0E9BC97185}.Release|Any CPU.Build.0 = Release|Any CPU
		{661B6996-4E46-4752-B446-D331DE2A1C6B}.Debug|Any CPU.ActiveCfg = Debug|Any CPU
		{661B6996-4E46-4752-B446-D331DE2A1C6B}.Debug|Any CPU.Build.0 = Debug|Any CPU
		{661B6996-4E46-4752-B446-D331DE2A1C6B}.Release|Any CPU.ActiveCfg = Release|Any CPU
		{661B6996-4E46-4752-B446-D331DE2A1C6B}.Release|Any CPU.Build.0 = Release|Any CPU
		{ED80895A-DC7A-4377-934B-462B748E4990}.Debug|Any CPU.ActiveCfg = Debug|Any CPU
		{ED80895A-DC7A-4377-934B-462B748E4990}.Debug|Any CPU.Build.0 = Debug|Any CPU
		{ED80895A-DC7A-4377-934B-462B748E4990}.Release|Any CPU.ActiveCfg = Release|Any CPU
		{ED80895A-DC7A-4377-934B-462B748E4990}.Release|Any CPU.Build.0 = Release|Any CPU
		{50464BB0-E4A9-48A3-8C87-6959C603BAEB}.Debug|Any CPU.ActiveCfg = Debug|Any CPU
		{50464BB0-E4A9-48A3-8C87-6959C603BAEB}.Debug|Any CPU.Build.0 = Debug|Any CPU
		{50464BB0-E4A9-48A3-8C87-6959C603BAEB}.Release|Any CPU.ActiveCfg = Release|Any CPU
		{50464BB0-E4A9-48A3-8C87-6959C603BAEB}.Release|Any CPU.Build.0 = Release|Any CPU
		{4094C388-780F-49F3-9FC6-61C228A91710}.Debug|Any CPU.ActiveCfg = Debug|Any CPU
		{4094C388-780F-49F3-9FC6-61C228A91710}.Debug|Any CPU.Build.0 = Debug|Any CPU
		{4094C388-780F-49F3-9FC6-61C228A91710}.Release|Any CPU.ActiveCfg = Release|Any CPU
		{4094C388-780F-49F3-9FC6-61C228A91710}.Release|Any CPU.Build.0 = Release|Any CPU
	EndGlobalSection
	GlobalSection(SolutionProperties) = preSolution
		HideSolutionNode = FALSE
	EndGlobalSection
	GlobalSection(ExtensibilityGlobals) = postSolution
		SolutionGuid = {7527D4E4-9BD0-4378-97B5-157BF99322DF}
	EndGlobalSection
EndGlobal
