
Microsoft Visual Studio Solution File, Format Version 12.00
# Visual Studio Version 16
VisualStudioVersion = 16.0.31402.337
MinimumVisualStudioVersion = 10.0.40219.1
Project("{9A19103F-16F7-4668-BE54-9A1E7A4F7556}") = "Lessons", "Lessons\Lessons.csproj", "{CBD9A3D7-13BD-42B3-AEF0-D55902F6663B}"
EndProject
Project("{9A19103F-16F7-4668-BE54-9A1E7A4F7556}") = "inkrementDecrement", "inkrementDecrement\inkrementDecrement.csproj", "{0212E451-A4FE-456B-B118-9CF1C9750125}"
EndProject
Project("{9A19103F-16F7-4668-BE54-9A1E7A4F7556}") = "comparisonOperation", "comparisonOperation\comparisonOperation.csproj", "{68DAAF1F-CD8A-4A2D-A94B-9E69377E7022}"
EndProject
Project("{9A19103F-16F7-4668-BE54-9A1E7A4F7556}") = "ifElse", "ifElse\ifElse.csproj", "{5879633D-1162-4715-887D-6B0E9BC97185}"
EndProject
Project("{9A19103F-16F7-4668-BE54-9A1E7A4F7556}") = "ifElseEvenNumber", "ifElseEvenNumber\ifElseEvenNumber.csproj", "{661B6996-4E46-4752-B446-D331DE2A1C6B}"
EndProject
Project("{9A19103F-16F7-4668-BE54-9A1E7A4F7556}") = "logicalOperators", "logicalOperators\logicalOperators.csproj", "{ED80895A-DC7A-4377-934B-462B748E4990}"
EndProject
Project("{9A19103F-16F7-4668-BE54-9A1E7A4F7556}") = "switch", "switch\switch.csproj", "{50464BB0-E4A9-48A3-8C87-6959C603BAEB}"
EndProject
Project("{9A19103F-16F7-4668-BE54-9A1E7A4F7556}") = "calculatorIfElse", "calculatorIfElse\calculatorIfElse.csproj", "{4094C388-780F-49F3-9FC6-61C228A91710}"
EndProject
Project("{9A19103F-16F7-4668-BE54-9A1E7A4F7556}") = "calculatorSwitch", "calculatorSwitch\calculatorSwitch.csproj", "{D51BA4FB-A2A1-4E50-B2EF-22A0EC0FAE3F}"
EndProject
Project("{9A19103F-16F7-4668-BE54-9A1E7A4F7556}") = "theSumAndNumberOfEvenAndOddNumbers", "theSumAndNumberOfEvenAndOddNumbers\theSumAndNumberOfEvenAndOddNumbers.csproj", "{496B9ED6-F872-4AD1-8389-81162A17CFFC}"
EndProject
Project("{9A19103F-16F7-4668-BE54-9A1E7A4F7556}") = "for", "for\for.csproj", "{40F5D964-47B2-4765-A377-A37CCDE64616}"
EndProject
Project("{9A19103F-16F7-4668-BE54-9A1E7A4F7556}") = "boxLoop", "boxLoop\boxLoop.csproj", "{7D649C08-E90A-43DC-BEE3-301DA15B0308}"
EndProject
Project("{9A19103F-16F7-4668-BE54-9A1E7A4F7556}") = "ternaryOperator", "ternaryOperator\ternaryOperator.csproj", "{3D369CBD-11B9-476A-90FD-F8463795BD9A}"
EndProject
Project("{9A19103F-16F7-4668-BE54-9A1E7A4F7556}") = "MultiplicationTables", "MultiplicationTables\MultiplicationTables.csproj", "{06972CB4-68FF-4DFC-AF28-BBAD30C80940}"
EndProject
Project("{9A19103F-16F7-4668-BE54-9A1E7A4F7556}") = "integrationNull", "integrationNull\integrationNull.csproj", "{7EF9081E-CE59-4A85-B06C-3FE43944D4E9}"
EndProject
Project("{9A19103F-16F7-4668-BE54-9A1E7A4F7556}") = "refHomeWrk", "refHomeWrk\refHomeWrk.csproj", "{6D68E290-DB55-4007-B095-D38D264EFD78}"
EndProject
Project("{9A19103F-16F7-4668-BE54-9A1E7A4F7556}") = "STOPWATCH", "STOPWATCH\STOPWATCH.csproj", "{259EFAF9-77DD-40D3-ACCD-A551FA317914}"
EndProject
Project("{9A19103F-16F7-4668-BE54-9A1E7A4F7556}") = "ParamsCSharp", "ParamsCSharp\ParamsCSharp.csproj", "{A372AFE2-2605-4C74-93CE-C86A9E09559E}"
EndProject
Project("{9A19103F-16F7-4668-BE54-9A1E7A4F7556}") = "optionalParametersOfTheMethod", "optionalParametersOfTheMethod\optionalParametersOfTheMethod.csproj", "{97ACB205-70AC-4A6D-B517-E2617038B0E5}"
EndProject
Project("{9A19103F-16F7-4668-BE54-9A1E7A4F7556}") = "recursion", "recursion\recursion.csproj", "{C08F89C8-9317-4DFC-AD2B-C1D9ECD2697B}"
EndProject
Project("{9A19103F-16F7-4668-BE54-9A1E7A4F7556}") = "dzArrayRecursion", "dzArrayRecursion\dzArrayRecursion.csproj", "{19A51A00-B427-4AFD-A65B-BB8B44E64AC9}"
EndProject
Project("{9A19103F-16F7-4668-BE54-9A1E7A4F7556}") = "DzSumElementsArrayRecursion", "DzSumElementsArrayRecursion\DzSumElementsArrayRecursion.csproj", "{841650DF-9664-4A12-82EE-DB04621FF086}"
EndProject
Project("{9A19103F-16F7-4668-BE54-9A1E7A4F7556}") = "DZsumOfNumbersRecurtion", "DZsumOfNumbersRecurtion\DZsumOfNumbersRecurtion.csproj", "{4013BEAA-2D82-49EA-9F80-4D78D8AE5D9E}"
EndProject
Project("{9A19103F-16F7-4668-BE54-9A1E7A4F7556}") = "Collection", "Collection\Collection.csproj", "{669BC8FC-14BD-4557-8DD7-751CE8F4205D}"
EndProject
Project("{9A19103F-16F7-4668-BE54-9A1E7A4F7556}") = "test", "test\test.csproj", "{853C747D-B2D1-479D-8E6D-860703CE5E95}"
EndProject
Project("{9A19103F-16F7-4668-BE54-9A1E7A4F7556}") = "dickoop", "dickoop\dickoop.csproj", "{1B48933F-1B28-4EDC-B129-52B6852A9AD0}"
EndProject
Project("{9A19103F-16F7-4668-BE54-9A1E7A4F7556}") = "propertiesGetSet", "propertiesGetSet\propertiesGetSet.csproj", "{D959194E-C283-47B2-9B95-7AA7F18E1D10}"
EndProject
Project("{FAE04EC0-301F-11D3-BF4B-00C04F79EFBC}") = "staticClassField", "staticClassField\staticClassField.csproj", "{41186A16-FDEE-4847-AFC0-832C6E7A1118}"
EndProject
Project("{FAE04EC0-301F-11D3-BF4B-00C04F79EFBC}") = "staticClassMethods", "staticClassMethods\staticClassMethods.csproj", "{415E5480-4D48-4F6C-A33E-03FFBEE300C7}"
EndProject
Project("{FAE04EC0-301F-11D3-BF4B-00C04F79EFBC}") = "staticClassConstructor", "staticClassConstructor\staticClassConstructor.csproj", "{0AAAEB03-D13E-4687-B7FF-A0591A62BDDD}"
EndProject
Project("{FAE04EC0-301F-11D3-BF4B-00C04F79EFBC}") = "dbConnection", "dbConnection\dbConnection.csproj", "{24267C5B-AECD-423F-86FE-E241820A0C1A}"
EndProject
Project("{FAE04EC0-301F-11D3-BF4B-00C04F79EFBC}") = "ExtensionMethod", "extensionMethod\ExtensionMethod.csproj", "{55F085D6-213D-4AC8-AE90-2EBA2FBB0E50}"
EndProject
Project("{FAE04EC0-301F-11D3-BF4B-00C04F79EFBC}") = "ConstReadonly", "ConstReadonly\ConstReadonly.csproj", "{BB698214-E1BE-41D3-943F-134298883D63}"
EndProject
Project("{FAE04EC0-301F-11D3-BF4B-00C04F79EFBC}") = "SyntaxInClassObjects", "SyntaxInClassObjects\SyntaxInClassObjects.csproj", "{ACD0B119-6CE0-47CB-91DF-78B9FEAF9DD3}"
EndProject
Project("{FAE04EC0-301F-11D3-BF4B-00C04F79EFBC}") = "Inheritance", "Inheritance\Inheritance.csproj", "{06C9AD32-C3E6-4597-87EE-E06DAD0E4713}"
EndProject
Global
	GlobalSection(SolutionConfigurationPlatforms) = preSolution
		Debug|Any CPU = Debug|Any CPU
		Release|Any CPU = Release|Any CPU
	EndGlobalSection
	GlobalSection(ProjectConfigurationPlatforms) = postSolution
		{CBD9A3D7-13BD-42B3-AEF0-D55902F6663B}.Debug|Any CPU.ActiveCfg = Debug|Any CPU
		{CBD9A3D7-13BD-42B3-AEF0-D55902F6663B}.Debug|Any CPU.Build.0 = Debug|Any CPU
		{CBD9A3D7-13BD-42B3-AEF0-D55902F6663B}.Release|Any CPU.ActiveCfg = Release|Any CPU
		{CBD9A3D7-13BD-42B3-AEF0-D55902F6663B}.Release|Any CPU.Build.0 = Release|Any CPU
		{0212E451-A4FE-456B-B118-9CF1C9750125}.Debug|Any CPU.ActiveCfg = Debug|Any CPU
		{0212E451-A4FE-456B-B118-9CF1C9750125}.Debug|Any CPU.Build.0 = Debug|Any CPU
		{0212E451-A4FE-456B-B118-9CF1C9750125}.Release|Any CPU.ActiveCfg = Release|Any CPU
		{0212E451-A4FE-456B-B118-9CF1C9750125}.Release|Any CPU.Build.0 = Release|Any CPU
		{68DAAF1F-CD8A-4A2D-A94B-9E69377E7022}.Debug|Any CPU.ActiveCfg = Debug|Any CPU
		{68DAAF1F-CD8A-4A2D-A94B-9E69377E7022}.Debug|Any CPU.Build.0 = Debug|Any CPU
		{68DAAF1F-CD8A-4A2D-A94B-9E69377E7022}.Release|Any CPU.ActiveCfg = Release|Any CPU
		{68DAAF1F-CD8A-4A2D-A94B-9E69377E7022}.Release|Any CPU.Build.0 = Release|Any CPU
		{5879633D-1162-4715-887D-6B0E9BC97185}.Debug|Any CPU.ActiveCfg = Debug|Any CPU
		{5879633D-1162-4715-887D-6B0E9BC97185}.Debug|Any CPU.Build.0 = Debug|Any CPU
		{5879633D-1162-4715-887D-6B0E9BC97185}.Release|Any CPU.ActiveCfg = Release|Any CPU
		{5879633D-1162-4715-887D-6B0E9BC97185}.Release|Any CPU.Build.0 = Release|Any CPU
		{661B6996-4E46-4752-B446-D331DE2A1C6B}.Debug|Any CPU.ActiveCfg = Debug|Any CPU
		{661B6996-4E46-4752-B446-D331DE2A1C6B}.Debug|Any CPU.Build.0 = Debug|Any CPU
		{661B6996-4E46-4752-B446-D331DE2A1C6B}.Release|Any CPU.ActiveCfg = Release|Any CPU
		{661B6996-4E46-4752-B446-D331DE2A1C6B}.Release|Any CPU.Build.0 = Release|Any CPU
		{ED80895A-DC7A-4377-934B-462B748E4990}.Debug|Any CPU.ActiveCfg = Debug|Any CPU
		{ED80895A-DC7A-4377-934B-462B748E4990}.Debug|Any CPU.Build.0 = Debug|Any CPU
		{ED80895A-DC7A-4377-934B-462B748E4990}.Release|Any CPU.ActiveCfg = Release|Any CPU
		{ED80895A-DC7A-4377-934B-462B748E4990}.Release|Any CPU.Build.0 = Release|Any CPU
		{50464BB0-E4A9-48A3-8C87-6959C603BAEB}.Debug|Any CPU.ActiveCfg = Debug|Any CPU
		{50464BB0-E4A9-48A3-8C87-6959C603BAEB}.Debug|Any CPU.Build.0 = Debug|Any CPU
		{50464BB0-E4A9-48A3-8C87-6959C603BAEB}.Release|Any CPU.ActiveCfg = Release|Any CPU
		{50464BB0-E4A9-48A3-8C87-6959C603BAEB}.Release|Any CPU.Build.0 = Release|Any CPU
		{4094C388-780F-49F3-9FC6-61C228A91710}.Debug|Any CPU.ActiveCfg = Debug|Any CPU
		{4094C388-780F-49F3-9FC6-61C228A91710}.Debug|Any CPU.Build.0 = Debug|Any CPU
		{4094C388-780F-49F3-9FC6-61C228A91710}.Release|Any CPU.ActiveCfg = Release|Any CPU
		{4094C388-780F-49F3-9FC6-61C228A91710}.Release|Any CPU.Build.0 = Release|Any CPU
		{D51BA4FB-A2A1-4E50-B2EF-22A0EC0FAE3F}.Debug|Any CPU.ActiveCfg = Debug|Any CPU
		{D51BA4FB-A2A1-4E50-B2EF-22A0EC0FAE3F}.Debug|Any CPU.Build.0 = Debug|Any CPU
		{D51BA4FB-A2A1-4E50-B2EF-22A0EC0FAE3F}.Release|Any CPU.ActiveCfg = Release|Any CPU
		{D51BA4FB-A2A1-4E50-B2EF-22A0EC0FAE3F}.Release|Any CPU.Build.0 = Release|Any CPU
		{496B9ED6-F872-4AD1-8389-81162A17CFFC}.Debug|Any CPU.ActiveCfg = Debug|Any CPU
		{496B9ED6-F872-4AD1-8389-81162A17CFFC}.Debug|Any CPU.Build.0 = Debug|Any CPU
		{496B9ED6-F872-4AD1-8389-81162A17CFFC}.Release|Any CPU.ActiveCfg = Release|Any CPU
		{496B9ED6-F872-4AD1-8389-81162A17CFFC}.Release|Any CPU.Build.0 = Release|Any CPU
		{40F5D964-47B2-4765-A377-A37CCDE64616}.Debug|Any CPU.ActiveCfg = Debug|Any CPU
		{40F5D964-47B2-4765-A377-A37CCDE64616}.Debug|Any CPU.Build.0 = Debug|Any CPU
		{40F5D964-47B2-4765-A377-A37CCDE64616}.Release|Any CPU.ActiveCfg = Release|Any CPU
		{40F5D964-47B2-4765-A377-A37CCDE64616}.Release|Any CPU.Build.0 = Release|Any CPU
		{7D649C08-E90A-43DC-BEE3-301DA15B0308}.Debug|Any CPU.ActiveCfg = Debug|Any CPU
		{7D649C08-E90A-43DC-BEE3-301DA15B0308}.Debug|Any CPU.Build.0 = Debug|Any CPU
		{7D649C08-E90A-43DC-BEE3-301DA15B0308}.Release|Any CPU.ActiveCfg = Release|Any CPU
		{7D649C08-E90A-43DC-BEE3-301DA15B0308}.Release|Any CPU.Build.0 = Release|Any CPU
		{3D369CBD-11B9-476A-90FD-F8463795BD9A}.Debug|Any CPU.ActiveCfg = Debug|Any CPU
		{3D369CBD-11B9-476A-90FD-F8463795BD9A}.Debug|Any CPU.Build.0 = Debug|Any CPU
		{3D369CBD-11B9-476A-90FD-F8463795BD9A}.Release|Any CPU.ActiveCfg = Release|Any CPU
		{3D369CBD-11B9-476A-90FD-F8463795BD9A}.Release|Any CPU.Build.0 = Release|Any CPU
		{06972CB4-68FF-4DFC-AF28-BBAD30C80940}.Debug|Any CPU.ActiveCfg = Debug|Any CPU
		{06972CB4-68FF-4DFC-AF28-BBAD30C80940}.Debug|Any CPU.Build.0 = Debug|Any CPU
		{06972CB4-68FF-4DFC-AF28-BBAD30C80940}.Release|Any CPU.ActiveCfg = Release|Any CPU
		{06972CB4-68FF-4DFC-AF28-BBAD30C80940}.Release|Any CPU.Build.0 = Release|Any CPU
		{7EF9081E-CE59-4A85-B06C-3FE43944D4E9}.Debug|Any CPU.ActiveCfg = Debug|Any CPU
		{7EF9081E-CE59-4A85-B06C-3FE43944D4E9}.Debug|Any CPU.Build.0 = Debug|Any CPU
		{7EF9081E-CE59-4A85-B06C-3FE43944D4E9}.Release|Any CPU.ActiveCfg = Release|Any CPU
		{7EF9081E-CE59-4A85-B06C-3FE43944D4E9}.Release|Any CPU.Build.0 = Release|Any CPU
		{6D68E290-DB55-4007-B095-D38D264EFD78}.Debug|Any CPU.ActiveCfg = Debug|Any CPU
		{6D68E290-DB55-4007-B095-D38D264EFD78}.Debug|Any CPU.Build.0 = Debug|Any CPU
		{6D68E290-DB55-4007-B095-D38D264EFD78}.Release|Any CPU.ActiveCfg = Release|Any CPU
		{6D68E290-DB55-4007-B095-D38D264EFD78}.Release|Any CPU.Build.0 = Release|Any CPU
		{259EFAF9-77DD-40D3-ACCD-A551FA317914}.Debug|Any CPU.ActiveCfg = Debug|Any CPU
		{259EFAF9-77DD-40D3-ACCD-A551FA317914}.Debug|Any CPU.Build.0 = Debug|Any CPU
		{259EFAF9-77DD-40D3-ACCD-A551FA317914}.Release|Any CPU.ActiveCfg = Release|Any CPU
		{259EFAF9-77DD-40D3-ACCD-A551FA317914}.Release|Any CPU.Build.0 = Release|Any CPU
		{A372AFE2-2605-4C74-93CE-C86A9E09559E}.Debug|Any CPU.ActiveCfg = Debug|Any CPU
		{A372AFE2-2605-4C74-93CE-C86A9E09559E}.Debug|Any CPU.Build.0 = Debug|Any CPU
		{A372AFE2-2605-4C74-93CE-C86A9E09559E}.Release|Any CPU.ActiveCfg = Release|Any CPU
		{A372AFE2-2605-4C74-93CE-C86A9E09559E}.Release|Any CPU.Build.0 = Release|Any CPU
		{97ACB205-70AC-4A6D-B517-E2617038B0E5}.Debug|Any CPU.ActiveCfg = Debug|Any CPU
		{97ACB205-70AC-4A6D-B517-E2617038B0E5}.Debug|Any CPU.Build.0 = Debug|Any CPU
		{97ACB205-70AC-4A6D-B517-E2617038B0E5}.Release|Any CPU.ActiveCfg = Release|Any CPU
		{97ACB205-70AC-4A6D-B517-E2617038B0E5}.Release|Any CPU.Build.0 = Release|Any CPU
		{C08F89C8-9317-4DFC-AD2B-C1D9ECD2697B}.Debug|Any CPU.ActiveCfg = Debug|Any CPU
		{C08F89C8-9317-4DFC-AD2B-C1D9ECD2697B}.Debug|Any CPU.Build.0 = Debug|Any CPU
		{C08F89C8-9317-4DFC-AD2B-C1D9ECD2697B}.Release|Any CPU.ActiveCfg = Release|Any CPU
		{C08F89C8-9317-4DFC-AD2B-C1D9ECD2697B}.Release|Any CPU.Build.0 = Release|Any CPU
		{19A51A00-B427-4AFD-A65B-BB8B44E64AC9}.Debug|Any CPU.ActiveCfg = Debug|Any CPU
		{19A51A00-B427-4AFD-A65B-BB8B44E64AC9}.Debug|Any CPU.Build.0 = Debug|Any CPU
		{19A51A00-B427-4AFD-A65B-BB8B44E64AC9}.Release|Any CPU.ActiveCfg = Release|Any CPU
		{19A51A00-B427-4AFD-A65B-BB8B44E64AC9}.Release|Any CPU.Build.0 = Release|Any CPU
		{841650DF-9664-4A12-82EE-DB04621FF086}.Debug|Any CPU.ActiveCfg = Debug|Any CPU
		{841650DF-9664-4A12-82EE-DB04621FF086}.Debug|Any CPU.Build.0 = Debug|Any CPU
		{841650DF-9664-4A12-82EE-DB04621FF086}.Release|Any CPU.ActiveCfg = Release|Any CPU
		{841650DF-9664-4A12-82EE-DB04621FF086}.Release|Any CPU.Build.0 = Release|Any CPU
		{4013BEAA-2D82-49EA-9F80-4D78D8AE5D9E}.Debug|Any CPU.ActiveCfg = Debug|Any CPU
		{4013BEAA-2D82-49EA-9F80-4D78D8AE5D9E}.Debug|Any CPU.Build.0 = Debug|Any CPU
		{4013BEAA-2D82-49EA-9F80-4D78D8AE5D9E}.Release|Any CPU.ActiveCfg = Release|Any CPU
		{4013BEAA-2D82-49EA-9F80-4D78D8AE5D9E}.Release|Any CPU.Build.0 = Release|Any CPU
		{669BC8FC-14BD-4557-8DD7-751CE8F4205D}.Debug|Any CPU.ActiveCfg = Debug|Any CPU
		{669BC8FC-14BD-4557-8DD7-751CE8F4205D}.Debug|Any CPU.Build.0 = Debug|Any CPU
		{669BC8FC-14BD-4557-8DD7-751CE8F4205D}.Release|Any CPU.ActiveCfg = Release|Any CPU
		{669BC8FC-14BD-4557-8DD7-751CE8F4205D}.Release|Any CPU.Build.0 = Release|Any CPU
		{853C747D-B2D1-479D-8E6D-860703CE5E95}.Debug|Any CPU.ActiveCfg = Debug|Any CPU
		{853C747D-B2D1-479D-8E6D-860703CE5E95}.Debug|Any CPU.Build.0 = Debug|Any CPU
		{853C747D-B2D1-479D-8E6D-860703CE5E95}.Release|Any CPU.ActiveCfg = Release|Any CPU
		{853C747D-B2D1-479D-8E6D-860703CE5E95}.Release|Any CPU.Build.0 = Release|Any CPU
		{1B48933F-1B28-4EDC-B129-52B6852A9AD0}.Debug|Any CPU.ActiveCfg = Debug|Any CPU
		{1B48933F-1B28-4EDC-B129-52B6852A9AD0}.Debug|Any CPU.Build.0 = Debug|Any CPU
		{1B48933F-1B28-4EDC-B129-52B6852A9AD0}.Release|Any CPU.ActiveCfg = Release|Any CPU
		{1B48933F-1B28-4EDC-B129-52B6852A9AD0}.Release|Any CPU.Build.0 = Release|Any CPU
		{D959194E-C283-47B2-9B95-7AA7F18E1D10}.Debug|Any CPU.ActiveCfg = Debug|Any CPU
		{D959194E-C283-47B2-9B95-7AA7F18E1D10}.Debug|Any CPU.Build.0 = Debug|Any CPU
		{D959194E-C283-47B2-9B95-7AA7F18E1D10}.Release|Any CPU.ActiveCfg = Release|Any CPU
		{D959194E-C283-47B2-9B95-7AA7F18E1D10}.Release|Any CPU.Build.0 = Release|Any CPU
		{41186A16-FDEE-4847-AFC0-832C6E7A1118}.Debug|Any CPU.ActiveCfg = Debug|Any CPU
		{41186A16-FDEE-4847-AFC0-832C6E7A1118}.Debug|Any CPU.Build.0 = Debug|Any CPU
		{41186A16-FDEE-4847-AFC0-832C6E7A1118}.Release|Any CPU.ActiveCfg = Release|Any CPU
		{41186A16-FDEE-4847-AFC0-832C6E7A1118}.Release|Any CPU.Build.0 = Release|Any CPU
		{415E5480-4D48-4F6C-A33E-03FFBEE300C7}.Debug|Any CPU.ActiveCfg = Debug|Any CPU
		{415E5480-4D48-4F6C-A33E-03FFBEE300C7}.Debug|Any CPU.Build.0 = Debug|Any CPU
		{415E5480-4D48-4F6C-A33E-03FFBEE300C7}.Release|Any CPU.ActiveCfg = Release|Any CPU
		{415E5480-4D48-4F6C-A33E-03FFBEE300C7}.Release|Any CPU.Build.0 = Release|Any CPU
		{0AAAEB03-D13E-4687-B7FF-A0591A62BDDD}.Debug|Any CPU.ActiveCfg = Debug|Any CPU
		{0AAAEB03-D13E-4687-B7FF-A0591A62BDDD}.Debug|Any CPU.Build.0 = Debug|Any CPU
		{0AAAEB03-D13E-4687-B7FF-A0591A62BDDD}.Release|Any CPU.ActiveCfg = Release|Any CPU
		{0AAAEB03-D13E-4687-B7FF-A0591A62BDDD}.Release|Any CPU.Build.0 = Release|Any CPU
		{24267C5B-AECD-423F-86FE-E241820A0C1A}.Debug|Any CPU.ActiveCfg = Debug|Any CPU
		{24267C5B-AECD-423F-86FE-E241820A0C1A}.Debug|Any CPU.Build.0 = Debug|Any CPU
		{24267C5B-AECD-423F-86FE-E241820A0C1A}.Release|Any CPU.ActiveCfg = Release|Any CPU
		{24267C5B-AECD-423F-86FE-E241820A0C1A}.Release|Any CPU.Build.0 = Release|Any CPU
		{55F085D6-213D-4AC8-AE90-2EBA2FBB0E50}.Debug|Any CPU.ActiveCfg = Debug|Any CPU
		{55F085D6-213D-4AC8-AE90-2EBA2FBB0E50}.Debug|Any CPU.Build.0 = Debug|Any CPU
		{55F085D6-213D-4AC8-AE90-2EBA2FBB0E50}.Release|Any CPU.ActiveCfg = Release|Any CPU
		{55F085D6-213D-4AC8-AE90-2EBA2FBB0E50}.Release|Any CPU.Build.0 = Release|Any CPU
		{BB698214-E1BE-41D3-943F-134298883D63}.Debug|Any CPU.ActiveCfg = Debug|Any CPU
		{BB698214-E1BE-41D3-943F-134298883D63}.Debug|Any CPU.Build.0 = Debug|Any CPU
		{BB698214-E1BE-41D3-943F-134298883D63}.Release|Any CPU.ActiveCfg = Release|Any CPU
		{BB698214-E1BE-41D3-943F-134298883D63}.Release|Any CPU.Build.0 = Release|Any CPU
		{ACD0B119-6CE0-47CB-91DF-78B9FEAF9DD3}.Debug|Any CPU.ActiveCfg = Debug|Any CPU
		{ACD0B119-6CE0-47CB-91DF-78B9FEAF9DD3}.Debug|Any CPU.Build.0 = Debug|Any CPU
		{ACD0B119-6CE0-47CB-91DF-78B9FEAF9DD3}.Release|Any CPU.ActiveCfg = Release|Any CPU
		{ACD0B119-6CE0-47CB-91DF-78B9FEAF9DD3}.Release|Any CPU.Build.0 = Release|Any CPU
		{06C9AD32-C3E6-4597-87EE-E06DAD0E4713}.Debug|Any CPU.ActiveCfg = Debug|Any CPU
		{06C9AD32-C3E6-4597-87EE-E06DAD0E4713}.Debug|Any CPU.Build.0 = Debug|Any CPU
		{06C9AD32-C3E6-4597-87EE-E06DAD0E4713}.Release|Any CPU.ActiveCfg = Release|Any CPU
		{06C9AD32-C3E6-4597-87EE-E06DAD0E4713}.Release|Any CPU.Build.0 = Release|Any CPU
	EndGlobalSection
	GlobalSection(SolutionProperties) = preSolution
		HideSolutionNode = FALSE
	EndGlobalSection
	GlobalSection(ExtensibilityGlobals) = postSolution
		SolutionGuid = {7527D4E4-9BD0-4378-97B5-157BF99322DF}
	EndGlobalSection
EndGlobal
